{
  "originHash" : "033128f5098f34b8976a79c721ba8eeeff463d9112f8e8f5ac6cf94cca9ef7e2",
  "pins" : [
    {
      "identity" : "snap-core",
      "kind" : "remoteSourceControl",
      "location" : "https://github.com/simonnickel/snap-core.git",
      "state" : {
        "branch" : "main-xc16",
        "revision" : "abc5895283a7e4615dec4e24cc181c53d8a2d4b7"
      }
    }
  ],
  "version" : 3
}
