{
  "originHash" : "7344b5160feed58bd24719ea286fe2228c0342d35623ff4a70478a7a4f9018f3",
  "pins" : [
    {
      "identity" : "snap-core",
      "kind" : "remoteSourceControl",
      "location" : "https://github.com/simonnickel/snap-core.git",
      "state" : {
        "branch" : "main",
        "revision" : "0efa53a390859af07b491be4045257f9a9da77e1"
      }
    }
  ],
  "version" : 3
}
