{
  "originHash" : "692602675a7534fce0d3e34df9d9aeec462a7b186eadd4cbc382aebd7d51d9ef",
  "pins" : [
    {
      "identity" : "snap-core",
      "kind" : "remoteSourceControl",
      "location" : "https://github.com/simonnickel/snap-core.git",
      "state" : {
        "branch" : "main-xc16",
        "revision" : "fde40562e765293d1cc3a9e09d1d2f58b0cde782"
      }
    }
  ],
  "version" : 3
}
