// !$*UTF8*$!
{
	archiveVersion = 1;
	classes = {
	};
	objectVersion = 56;
	objects = {

/* Begin PBXBuildFile section */
		5A96A92E2BD191A000DFAC0F /* SnapSettingsServiceDemoApp.swift in Sources */ = {isa = PBXBuildFile; fileRef = 5A96A92D2BD191A000DFAC0F /* SnapSettingsServiceDemoApp.swift */; };
		5A96A9302BD191A000DFAC0F /* ContentView.swift in Sources */ = {isa = PBXBuildFile; fileRef = 5A96A92F2BD191A000DFAC0F /* ContentView.swift */; };
		5A96A9322BD191A200DFAC0F /* Assets.xcassets in Resources */ = {isa = PBXBuildFile; fileRef = 5A96A9312BD191A200DFAC0F /* Assets.xcassets */; };
		5A96A9362BD191A200DFAC0F /* Preview Assets.xcassets in Resources */ = {isa = PBXBuildFile; fileRef = 5A96A9352BD191A200DFAC0F /* Preview Assets.xcassets */; };
		5A96A9422BD1945E00DFAC0F /* SnapSettingsService in Frameworks */ = {isa = PBXBuildFile; productRef = 5A96A9412BD1945E00DFAC0F /* SnapSettingsService */; };
		5A96A9452BD194F900DFAC0F /* SettingsList.swift in Sources */ = {isa = PBXBuildFile; fileRef = 5A96A9442BD194F900DFAC0F /* SettingsList.swift */; };
		5A96A94A2BD1953A00DFAC0F /* CustomStore.swift in Sources */ = {isa = PBXBuildFile; fileRef = 5A96A9462BD1953A00DFAC0F /* CustomStore.swift */; };
		5A96A94B2BD1953A00DFAC0F /* Settings.swift in Sources */ = {isa = PBXBuildFile; fileRef = 5A96A9472BD1953A00DFAC0F /* Settings.swift */; };
		5A96A94C2BD1953A00DFAC0F /* SettingsService+Environment.swift in Sources */ = {isa = PBXBuildFile; fileRef = 5A96A9482BD1953A00DFAC0F /* SettingsService+Environment.swift */; };
/* End PBXBuildFile section */

/* Begin PBXFileReference section */
		5A96A92A2BD191A000DFAC0F /* SnapSettingsServiceDemo.app */ = {isa = PBXFileReference; explicitFileType = wrapper.application; includeInIndex = 0; path = SnapSettingsServiceDemo.app; sourceTree = BUILT_PRODUCTS_DIR; };
		5A96A92D2BD191A000DFAC0F /* SnapSettingsServiceDemoApp.swift */ = {isa = PBXFileReference; lastKnownFileType = sourcecode.swift; path = SnapSettingsServiceDemoApp.swift; sourceTree = "<group>"; };
		5A96A92F2BD191A000DFAC0F /* ContentView.swift */ = {isa = PBXFileReference; lastKnownFileType = sourcecode.swift; path = ContentView.swift; sourceTree = "<group>"; };
		5A96A9312BD191A200DFAC0F /* Assets.xcassets */ = {isa = PBXFileReference; lastKnownFileType = folder.assetcatalog; path = Assets.xcassets; sourceTree = "<group>"; };
		5A96A9332BD191A200DFAC0F /* SnapSettingsServiceDemo.entitlements */ = {isa = PBXFileReference; lastKnownFileType = text.plist.entitlements; path = SnapSettingsServiceDemo.entitlements; sourceTree = "<group>"; };
		5A96A9352BD191A200DFAC0F /* Preview Assets.xcassets */ = {isa = PBXFileReference; lastKnownFileType = folder.assetcatalog; path = "Preview Assets.xcassets"; sourceTree = "<group>"; };
		5A96A9432BD1946700DFAC0F /* snap-settings-service */ = {isa = PBXFileReference; lastKnownFileType = wrapper; name = "snap-settings-service"; path = ..; sourceTree = "<group>"; };
		5A96A9442BD194F900DFAC0F /* SettingsList.swift */ = {isa = PBXFileReference; fileEncoding = 4; lastKnownFileType = sourcecode.swift; path = SettingsList.swift; sourceTree = "<group>"; };
		5A96A9462BD1953A00DFAC0F /* CustomStore.swift */ = {isa = PBXFileReference; fileEncoding = 4; lastKnownFileType = sourcecode.swift; path = CustomStore.swift; sourceTree = "<group>"; };
		5A96A9472BD1953A00DFAC0F /* Settings.swift */ = {isa = PBXFileReference; fileEncoding = 4; lastKnownFileType = sourcecode.swift; path = Settings.swift; sourceTree = "<group>"; };
		5A96A9482BD1953A00DFAC0F /* SettingsService+Environment.swift */ = {isa = PBXFileReference; fileEncoding = 4; lastKnownFileType = sourcecode.swift; path = "SettingsService+Environment.swift"; sourceTree = "<group>"; };
/* End PBXFileReference section */

/* Begin PBXFrameworksBuildPhase section */
		5A96A9272BD191A000DFAC0F /* Frameworks */ = {
			isa = PBXFrameworksBuildPhase;
			buildActionMask = 2147483647;
			files = (
				5A96A9422BD1945E00DFAC0F /* SnapSettingsService in Frameworks */,
			);
			runOnlyForDeploymentPostprocessing = 0;
		};
/* End PBXFrameworksBuildPhase section */

/* Begin PBXGroup section */
		5A96A9212BD191A000DFAC0F = {
			isa = PBXGroup;
			children = (
				5A96A9432BD1946700DFAC0F /* snap-settings-service */,
				5A96A92C2BD191A000DFAC0F /* SnapSettingsServiceDemo */,
				5A96A92B2BD191A000DFAC0F /* Products */,
			);
			sourceTree = "<group>";
		};
		5A96A92B2BD191A000DFAC0F /* Products */ = {
			isa = PBXGroup;
			children = (
				5A96A92A2BD191A000DFAC0F /* SnapSettingsServiceDemo.app */,
			);
			name = Products;
			sourceTree = "<group>";
		};
		5A96A92C2BD191A000DFAC0F /* SnapSettingsServiceDemo */ = {
			isa = PBXGroup;
			children = (
				5A96A92D2BD191A000DFAC0F /* SnapSettingsServiceDemoApp.swift */,
				5A96A92F2BD191A000DFAC0F /* ContentView.swift */,
				5A96A9442BD194F900DFAC0F /* SettingsList.swift */,
				5A96A9492BD1953A00DFAC0F /* SettingsService */,
				5A96A9312BD191A200DFAC0F /* Assets.xcassets */,
				5A96A9332BD191A200DFAC0F /* SnapSettingsServiceDemo.entitlements */,
				5A96A9342BD191A200DFAC0F /* Preview Content */,
			);
			path = SnapSettingsServiceDemo;
			sourceTree = "<group>";
		};
		5A96A9342BD191A200DFAC0F /* Preview Content */ = {
			isa = PBXGroup;
			children = (
				5A96A9352BD191A200DFAC0F /* Preview Assets.xcassets */,
			);
			path = "Preview Content";
			sourceTree = "<group>";
		};
		5A96A9492BD1953A00DFAC0F /* SettingsService */ = {
			isa = PBXGroup;
			children = (
				5A96A9462BD1953A00DFAC0F /* CustomStore.swift */,
				5A96A9472BD1953A00DFAC0F /* Settings.swift */,
				5A96A9482BD1953A00DFAC0F /* SettingsService+Environment.swift */,
			);
			path = SettingsService;
			sourceTree = "<group>";
		};
/* End PBXGroup section */

/* Begin PBXNativeTarget section */
		5A96A9292BD191A000DFAC0F /* SnapSettingsServiceDemo */ = {
			isa = PBXNativeTarget;
			buildConfigurationList = 5A96A9392BD191A200DFAC0F /* Build configuration list for PBXNativeTarget "SnapSettingsServiceDemo" */;
			buildPhases = (
				5A96A9262BD191A000DFAC0F /* Sources */,
				5A96A9272BD191A000DFAC0F /* Frameworks */,
				5A96A9282BD191A000DFAC0F /* Resources */,
			);
			buildRules = (
			);
			dependencies = (
			);
			name = SnapSettingsServiceDemo;
			packageProductDependencies = (
				5A96A9412BD1945E00DFAC0F /* SnapSettingsService */,
			);
			productName = SnapSettingsServiceDemo;
			productReference = 5A96A92A2BD191A000DFAC0F /* SnapSettingsServiceDemo.app */;
			productType = "com.apple.product-type.application";
		};
/* End PBXNativeTarget section */

/* Begin PBXProject section */
		5A96A9222BD191A000DFAC0F /* Project object */ = {
			isa = PBXProject;
			attributes = {
				BuildIndependentTargetsInParallel = 1;
				LastSwiftUpdateCheck = 1530;
				LastUpgradeCheck = 1530;
				TargetAttributes = {
					5A96A9292BD191A000DFAC0F = {
						CreatedOnToolsVersion = 15.3;
					};
				};
			};
			buildConfigurationList = 5A96A9252BD191A000DFAC0F /* Build configuration list for PBXProject "SnapSettingsServiceDemo" */;
			compatibilityVersion = "Xcode 14.0";
			developmentRegion = en;
			hasScannedForEncodings = 0;
			knownRegions = (
				en,
				Base,
			);
			mainGroup = 5A96A9212BD191A000DFAC0F;
			packageReferences = (
				5A96A9402BD1945E00DFAC0F /* XCRemoteSwiftPackageReference "snap-settings-service" */,
			);
			productRefGroup = 5A96A92B2BD191A000DFAC0F /* Products */;
			projectDirPath = "";
			projectRoot = "";
			targets = (
				5A96A9292BD191A000DFAC0F /* SnapSettingsServiceDemo */,
			);
		};
/* End PBXProject section */

/* Begin PBXResourcesBuildPhase section */
		5A96A9282BD191A000DFAC0F /* Resources */ = {
			isa = PBXResourcesBuildPhase;
			buildActionMask = 2147483647;
			files = (
				5A96A9362BD191A200DFAC0F /* Preview Assets.xcassets in Resources */,
				5A96A9322BD191A200DFAC0F /* Assets.xcassets in Resources */,
			);
			runOnlyForDeploymentPostprocessing = 0;
		};
/* End PBXResourcesBuildPhase section */

/* Begin PBXSourcesBuildPhase section */
		5A96A9262BD191A000DFAC0F /* Sources */ = {
			isa = PBXSourcesBuildPhase;
			buildActionMask = 2147483647;
			files = (
				5A96A94A2BD1953A00DFAC0F /* CustomStore.swift in Sources */,
				5A96A9302BD191A000DFAC0F /* ContentView.swift in Sources */,
				5A96A94C2BD1953A00DFAC0F /* SettingsService+Environment.swift in Sources */,
				5A96A92E2BD191A000DFAC0F /* SnapSettingsServiceDemoApp.swift in Sources */,
				5A96A9452BD194F900DFAC0F /* SettingsList.swift in Sources */,
				5A96A94B2BD1953A00DFAC0F /* Settings.swift in Sources */,
			);
			runOnlyForDeploymentPostprocessing = 0;
		};
/* End PBXSourcesBuildPhase section */

/* Begin XCBuildConfiguration section */
		5A96A9372BD191A200DFAC0F /* Debug */ = {
			isa = XCBuildConfiguration;
			buildSettings = {
				ALWAYS_SEARCH_USER_PATHS = NO;
				ASSETCATALOG_COMPILER_GENERATE_SWIFT_ASSET_SYMBOL_EXTENSIONS = YES;
				CLANG_ANALYZER_NONNULL = YES;
				CLANG_ANALYZER_NUMBER_OBJECT_CONVERSION = YES_AGGRESSIVE;
				CLANG_CXX_LANGUAGE_STANDARD = "gnu++20";
				CLANG_ENABLE_MODULES = YES;
				CLANG_ENABLE_OBJC_ARC = YES;
				CLANG_ENABLE_OBJC_WEAK = YES;
				CLANG_WARN_BLOCK_CAPTURE_AUTORELEASING = YES;
				CLANG_WARN_BOOL_CONVERSION = YES;
				CLANG_WARN_COMMA = YES;
				CLANG_WARN_CONSTANT_CONVERSION = YES;
				CLANG_WARN_DEPRECATED_OBJC_IMPLEMENTATIONS = YES;
				CLANG_WARN_DIRECT_OBJC_ISA_USAGE = YES_ERROR;
				CLANG_WARN_DOCUMENTATION_COMMENTS = YES;
				CLANG_WARN_EMPTY_BODY = YES;
				CLANG_WARN_ENUM_CONVERSION = YES;
				CLANG_WARN_INFINITE_RECURSION = YES;
				CLANG_WARN_INT_CONVERSION = YES;
				CLANG_WARN_NON_LITERAL_NULL_CONVERSION = YES;
				CLANG_WARN_OBJC_IMPLICIT_RETAIN_SELF = YES;
				CLANG_WARN_OBJC_LITERAL_CONVERSION = YES;
				CLANG_WARN_OBJC_ROOT_CLASS = YES_ERROR;
				CLANG_WARN_QUOTED_INCLUDE_IN_FRAMEWORK_HEADER = YES;
				CLANG_WARN_RANGE_LOOP_ANALYSIS = YES;
				CLANG_WARN_STRICT_PROTOTYPES = YES;
				CLANG_WARN_SUSPICIOUS_MOVE = YES;
				CLANG_WARN_UNGUARDED_AVAILABILITY = YES_AGGRESSIVE;
				CLANG_WARN_UNREACHABLE_CODE = YES;
				CLANG_WARN__DUPLICATE_METHOD_MATCH = YES;
				COPY_PHASE_STRIP = NO;
				DEBUG_INFORMATION_FORMAT = dwarf;
				ENABLE_STRICT_OBJC_MSGSEND = YES;
				ENABLE_TESTABILITY = YES;
				ENABLE_USER_SCRIPT_SANDBOXING = YES;
				GCC_C_LANGUAGE_STANDARD = gnu17;
				GCC_DYNAMIC_NO_PIC = NO;
				GCC_NO_COMMON_BLOCKS = YES;
				GCC_OPTIMIZATION_LEVEL = 0;
				GCC_PREPROCESSOR_DEFINITIONS = (
					"DEBUG=1",
					"$(inherited)",
				);
				GCC_WARN_64_TO_32_BIT_CONVERSION = YES;
				GCC_WARN_ABOUT_RETURN_TYPE = YES_ERROR;
				GCC_WARN_UNDECLARED_SELECTOR = YES;
				GCC_WARN_UNINITIALIZED_AUTOS = YES_AGGRESSIVE;
				GCC_WARN_UNUSED_FUNCTION = YES;
				GCC_WARN_UNUSED_VARIABLE = YES;
				LOCALIZATION_PREFERS_STRING_CATALOGS = YES;
				MTL_ENABLE_DEBUG_INFO = INCLUDE_SOURCE;
				MTL_FAST_MATH = YES;
				ONLY_ACTIVE_ARCH = YES;
				SWIFT_ACTIVE_COMPILATION_CONDITIONS = "DEBUG $(inherited)";
				SWIFT_OPTIMIZATION_LEVEL = "-Onone";
			};
			name = Debug;
		};
		5A96A9382BD191A200DFAC0F /* Release */ = {
			isa = XCBuildConfiguration;
			buildSettings = {
				ALWAYS_SEARCH_USER_PATHS = NO;
				ASSETCATALOG_COMPILER_GENERATE_SWIFT_ASSET_SYMBOL_EXTENSIONS = YES;
				CLANG_ANALYZER_NONNULL = YES;
				CLANG_ANALYZER_NUMBER_OBJECT_CONVERSION = YES_AGGRESSIVE;
				CLANG_CXX_LANGUAGE_STANDARD = "gnu++20";
				CLANG_ENABLE_MODULES = YES;
				CLANG_ENABLE_OBJC_ARC = YES;
				CLANG_ENABLE_OBJC_WEAK = YES;
				CLANG_WARN_BLOCK_CAPTURE_AUTORELEASING = YES;
				CLANG_WARN_BOOL_CONVERSION = YES;
				CLANG_WARN_COMMA = YES;
				CLANG_WARN_CONSTANT_CONVERSION = YES;
				CLANG_WARN_DEPRECATED_OBJC_IMPLEMENTATIONS = YES;
				CLANG_WARN_DIRECT_OBJC_ISA_USAGE = YES_ERROR;
				CLANG_WARN_DOCUMENTATION_COMMENTS = YES;
				CLANG_WARN_EMPTY_BODY = YES;
				CLANG_WARN_ENUM_CONVERSION = YES;
				CLANG_WARN_INFINITE_RECURSION = YES;
				CLANG_WARN_INT_CONVERSION = YES;
				CLANG_WARN_NON_LITERAL_NULL_CONVERSION = YES;
				CLANG_WARN_OBJC_IMPLICIT_RETAIN_SELF = YES;
				CLANG_WARN_OBJC_LITERAL_CONVERSION = YES;
				CLANG_WARN_OBJC_ROOT_CLASS = YES_ERROR;
				CLANG_WARN_QUOTED_INCLUDE_IN_FRAMEWORK_HEADER = YES;
				CLANG_WARN_RANGE_LOOP_ANALYSIS = YES;
				CLANG_WARN_STRICT_PROTOTYPES = YES;
				CLANG_WARN_SUSPICIOUS_MOVE = YES;
				CLANG_WARN_UNGUARDED_AVAILABILITY = YES_AGGRESSIVE;
				CLANG_WARN_UNREACHABLE_CODE = YES;
				CLANG_WARN__DUPLICATE_METHOD_MATCH = YES;
				COPY_PHASE_STRIP = NO;
				DEBUG_INFORMATION_FORMAT = "dwarf-with-dsym";
				ENABLE_NS_ASSERTIONS = NO;
				ENABLE_STRICT_OBJC_MSGSEND = YES;
				ENABLE_USER_SCRIPT_SANDBOXING = YES;
				GCC_C_LANGUAGE_STANDARD = gnu17;
				GCC_NO_COMMON_BLOCKS = YES;
				GCC_WARN_64_TO_32_BIT_CONVERSION = YES;
				GCC_WARN_ABOUT_RETURN_TYPE = YES_ERROR;
				GCC_WARN_UNDECLARED_SELECTOR = YES;
				GCC_WARN_UNINITIALIZED_AUTOS = YES_AGGRESSIVE;
				GCC_WARN_UNUSED_FUNCTION = YES;
				GCC_WARN_UNUSED_VARIABLE = YES;
				LOCALIZATION_PREFERS_STRING_CATALOGS = YES;
				MTL_ENABLE_DEBUG_INFO = NO;
				MTL_FAST_MATH = YES;
				SWIFT_COMPILATION_MODE = wholemodule;
			};
			name = Release;
		};
		5A96A93A2BD191A200DFAC0F /* Debug */ = {
			isa = XCBuildConfiguration;
			buildSettings = {
				ASSETCATALOG_COMPILER_APPICON_NAME = AppIcon;
				ASSETCATALOG_COMPILER_GLOBAL_ACCENT_COLOR_NAME = AccentColor;
				CODE_SIGN_ENTITLEMENTS = SnapSettingsServiceDemo/SnapSettingsServiceDemo.entitlements;
				CODE_SIGN_STYLE = Automatic;
				CURRENT_PROJECT_VERSION = 1;
				DEVELOPMENT_ASSET_PATHS = "\"SnapSettingsServiceDemo/Preview Content\"";
				DEVELOPMENT_TEAM = QPW6B8MS22;
				ENABLE_HARDENED_RUNTIME = YES;
				ENABLE_PREVIEWS = YES;
				GENERATE_INFOPLIST_FILE = YES;
				"INFOPLIST_KEY_UIApplicationSceneManifest_Generation[sdk=iphoneos*]" = YES;
				"INFOPLIST_KEY_UIApplicationSceneManifest_Generation[sdk=iphonesimulator*]" = YES;
				"INFOPLIST_KEY_UIApplicationSupportsIndirectInputEvents[sdk=iphoneos*]" = YES;
				"INFOPLIST_KEY_UIApplicationSupportsIndirectInputEvents[sdk=iphonesimulator*]" = YES;
				"INFOPLIST_KEY_UILaunchScreen_Generation[sdk=iphoneos*]" = YES;
				"INFOPLIST_KEY_UILaunchScreen_Generation[sdk=iphonesimulator*]" = YES;
				"INFOPLIST_KEY_UIStatusBarStyle[sdk=iphoneos*]" = UIStatusBarStyleDefault;
				"INFOPLIST_KEY_UIStatusBarStyle[sdk=iphonesimulator*]" = UIStatusBarStyleDefault;
				INFOPLIST_KEY_UISupportedInterfaceOrientations_iPad = "UIInterfaceOrientationPortrait UIInterfaceOrientationPortraitUpsideDown UIInterfaceOrientationLandscapeLeft UIInterfaceOrientationLandscapeRight";
				INFOPLIST_KEY_UISupportedInterfaceOrientations_iPhone = "UIInterfaceOrientationPortrait UIInterfaceOrientationLandscapeLeft UIInterfaceOrientationLandscapeRight";
				IPHONEOS_DEPLOYMENT_TARGET = 17.4;
				LD_RUNPATH_SEARCH_PATHS = "@executable_path/Frameworks";
				"LD_RUNPATH_SEARCH_PATHS[sdk=macosx*]" = "@executable_path/../Frameworks";
				MACOSX_DEPLOYMENT_TARGET = 14.4;
				MARKETING_VERSION = 1.0;
				PRODUCT_BUNDLE_IDENTIFIER = de.simonnickel.SnapSettingsServiceDemo;
				PRODUCT_NAME = "$(TARGET_NAME)";
				SDKROOT = auto;
				SUPPORTED_PLATFORMS = "iphoneos iphonesimulator macosx";
				SWIFT_EMIT_LOC_STRINGS = YES;
				SWIFT_VERSION = 5.0;
				TARGETED_DEVICE_FAMILY = "1,2";
			};
			name = Debug;
		};
		5A96A93B2BD191A200DFAC0F /* Release */ = {
			isa = XCBuildConfiguration;
			buildSettings = {
				ASSETCATALOG_COMPILER_APPICON_NAME = AppIcon;
				ASSETCATALOG_COMPILER_GLOBAL_ACCENT_COLOR_NAME = AccentColor;
				CODE_SIGN_ENTITLEMENTS = SnapSettingsServiceDemo/SnapSettingsServiceDemo.entitlements;
				CODE_SIGN_STYLE = Automatic;
				CURRENT_PROJECT_VERSION = 1;
				DEVELOPMENT_ASSET_PATHS = "\"SnapSettingsServiceDemo/Preview Content\"";
				DEVELOPMENT_TEAM = QPW6B8MS22;
				ENABLE_HARDENED_RUNTIME = YES;
				ENABLE_PREVIEWS = YES;
				GENERATE_INFOPLIST_FILE = YES;
				"INFOPLIST_KEY_UIApplicationSceneManifest_Generation[sdk=iphoneos*]" = YES;
				"INFOPLIST_KEY_UIApplicationSceneManifest_Generation[sdk=iphonesimulator*]" = YES;
				"INFOPLIST_KEY_UIApplicationSupportsIndirectInputEvents[sdk=iphoneos*]" = YES;
				"INFOPLIST_KEY_UIApplicationSupportsIndirectInputEvents[sdk=iphonesimulator*]" = YES;
				"INFOPLIST_KEY_UILaunchScreen_Generation[sdk=iphoneos*]" = YES;
				"INFOPLIST_KEY_UILaunchScreen_Generation[sdk=iphonesimulator*]" = YES;
				"INFOPLIST_KEY_UIStatusBarStyle[sdk=iphoneos*]" = UIStatusBarStyleDefault;
				"INFOPLIST_KEY_UIStatusBarStyle[sdk=iphonesimulator*]" = UIStatusBarStyleDefault;
				INFOPLIST_KEY_UISupportedInterfaceOrientations_iPad = "UIInterfaceOrientationPortrait UIInterfaceOrientationPortraitUpsideDown UIInterfaceOrientationLandscapeLeft UIInterfaceOrientationLandscapeRight";
				INFOPLIST_KEY_UISupportedInterfaceOrientations_iPhone = "UIInterfaceOrientationPortrait UIInterfaceOrientationLandscapeLeft UIInterfaceOrientationLandscapeRight";
				IPHONEOS_DEPLOYMENT_TARGET = 17.4;
				LD_RUNPATH_SEARCH_PATHS = "@executable_path/Frameworks";
				"LD_RUNPATH_SEARCH_PATHS[sdk=macosx*]" = "@executable_path/../Frameworks";
				MACOSX_DEPLOYMENT_TARGET = 14.4;
				MARKETING_VERSION = 1.0;
				PRODUCT_BUNDLE_IDENTIFIER = de.simonnickel.SnapSettingsServiceDemo;
				PRODUCT_NAME = "$(TARGET_NAME)";
				SDKROOT = auto;
				SUPPORTED_PLATFORMS = "iphoneos iphonesimulator macosx";
				SWIFT_EMIT_LOC_STRINGS = YES;
				SWIFT_VERSION = 5.0;
				TARGETED_DEVICE_FAMILY = "1,2";
			};
			name = Release;
		};
/* End XCBuildConfiguration section */

/* Begin XCConfigurationList section */
		5A96A9252BD191A000DFAC0F /* Build configuration list for PBXProject "SnapSettingsServiceDemo" */ = {
			isa = XCConfigurationList;
			buildConfigurations = (
				5A96A9372BD191A200DFAC0F /* Debug */,
				5A96A9382BD191A200DFAC0F /* Release */,
			);
			defaultConfigurationIsVisible = 0;
			defaultConfigurationName = Release;
		};
		5A96A9392BD191A200DFAC0F /* Build configuration list for PBXNativeTarget "SnapSettingsServiceDemo" */ = {
			isa = XCConfigurationList;
			buildConfigurations = (
				5A96A93A2BD191A200DFAC0F /* Debug */,
				5A96A93B2BD191A200DFAC0F /* Release */,
			);
			defaultConfigurationIsVisible = 0;
			defaultConfigurationName = Release;
		};
/* End XCConfigurationList section */

/* Begin XCRemoteSwiftPackageReference section */
		5A96A9402BD1945E00DFAC0F /* XCRemoteSwiftPackageReference "snap-settings-service" */ = {
			isa = XCRemoteSwiftPackageReference;
			repositoryURL = "https://github.com/simonnickel/snap-settings-service";
			requirement = {
				branch = main;
				kind = branch;
			};
		};
/* End XCRemoteSwiftPackageReference section */

/* Begin XCSwiftPackageProductDependency section */
		5A96A9412BD1945E00DFAC0F /* SnapSettingsService */ = {
			isa = XCSwiftPackageProductDependency;
			package = 5A96A9402BD1945E00DFAC0F /* XCRemoteSwiftPackageReference "snap-settings-service" */;
			productName = SnapSettingsService;
		};
/* End XCSwiftPackageProductDependency section */
	};
	rootObject = 5A96A9222BD191A000DFAC0F /* Project object */;
}
