{
  "originHash" : "8b4c2f455df13edb78dc3460ed86f06949f1127981a21aa4dc39caf2a6866636",
  "pins" : [
    {
      "identity" : "snap-core",
      "kind" : "remoteSourceControl",
      "location" : "https://github.com/simonnickel/snap-core.git",
      "state" : {
        "branch" : "main",
        "revision" : "429247ff088da20f9b333a51f4ddf4dd78dff7cc"
      }
    },
    {
      "identity" : "snap-foundation",
      "kind" : "remoteSourceControl",
      "location" : "https://github.com/simonnickel/snap-foundation.git",
      "state" : {
        "branch" : "main",
        "revision" : "ee8af3f0c4ec6d9f375e4f9c192247d13cb1f760"
      }
    }
  ],
  "version" : 3
}
