{
  "originHash" : "67ee3057a0ec820c2dc328af5d52935ae5e76bf86e3e474e3c3f92b95060791c",
  "pins" : [
    {
      "identity" : "snap-core",
      "kind" : "remoteSourceControl",
      "location" : "https://github.com/simonnickel/snap-core.git",
      "state" : {
        "branch" : "main-xc16",
        "revision" : "4c8edf1dad56cc66a38644a9f31d8310ba8ddecc"
      }
    },
    {
      "identity" : "snap-settings-service",
      "kind" : "remoteSourceControl",
      "location" : "https://github.com/simonnickel/snap-settings-service",
      "state" : {
        "branch" : "main-xc16",
        "revision" : "71be2bcb5c0f28265aa4523a63479d80f40fb589"
      }
    }
  ],
  "version" : 3
}
